# THIS IS AN AUTOGENERATED FILE. DO NOT EDIT THIS FILE DIRECTLY.
# yarn lockfile v1


"@babel/runtime-corejs3@^7.9.6":
  version "7.12.5"
  resolved "https://registry.npm.taobao.org/@babel/runtime-corejs3/download/@babel/runtime-corejs3-7.12.5.tgz?cache=0&sync_timestamp=1604441322458&other_urls=https%3A%2F%2Fregistry.npm.taobao.org%2F%40babel%2Fruntime-corejs3%2Fdownload%2F%40babel%2Fruntime-corejs3-7.12.5.tgz#ffee91da0eb4c6dae080774e94ba606368e414f4"
  integrity sha1-/+6R2g60xtrggHdOlLpgY2jkFPQ=
  dependencies:
    core-js-pure "^3.0.0"
    regenerator-runtime "^0.13.4"

"@types/raf@^3.4.0":
  version "3.4.0"
  resolved "https://registry.npm.taobao.org/@types/raf/download/@types/raf-3.4.0.tgz?cache=0&sync_timestamp=1605055120938&other_urls=https%3A%2F%2Fregistry.npm.taobao.org%2F%40types%2Fraf%2Fdownload%2F%40types%2Fraf-3.4.0.tgz#2b72cbd55405e071f1c4d29992638e022b20acc2"
  integrity sha1-K3LL1VQF4HHxxNKZkmOOAisgrMI=

atob@^2.1.2:
  version "2.1.2"
  resolved "https://registry.npm.taobao.org/atob/download/atob-2.1.2.tgz#6d9517eb9e030d2436666651e86bd9f6f13533c9"
  integrity sha1-bZUX654DDSQ2ZmZR6GvZ9vE1M8k=

base64-arraybuffer@^0.2.0:
  version "0.2.0"
  resolved "https://registry.npm.taobao.org/base64-arraybuffer/download/base64-arraybuffer-0.2.0.tgz#4b944fac0191aa5907afe2d8c999ccc57ce80f45"
  integrity sha1-S5RPrAGRqlkHr+LYyZnMxXzoD0U=

btoa@^1.2.1:
  version "1.2.1"
  resolved "https://registry.npm.taobao.org/btoa/download/btoa-1.2.1.tgz#01a9909f8b2c93f6bf680ba26131eb30f7fa3d73"
  integrity sha1-AamQn4ssk/a/aAuiYTHrMPf6PXM=

canvg@^3.0.6:
  version "3.0.7"
  resolved "https://registry.npm.taobao.org/canvg/download/canvg-3.0.7.tgz#e45b87a64116af906917f7cad57d370ea372d682"
  integrity sha1-5FuHpkEWr5BpF/fK1X03DqNy1oI=
  dependencies:
    "@babel/runtime-corejs3" "^7.9.6"
    "@types/raf" "^3.4.0"
    raf "^3.4.1"
    rgbcolor "^1.0.1"
    stackblur-canvas "^2.0.0"
    svg-pathdata "^5.0.5"

core-js-pure@^3.0.0:
  version "3.8.2"
  resolved "https://registry.npm.taobao.org/core-js-pure/download/core-js-pure-3.8.2.tgz#286f885c0dac1cdcd6d78397392abc25ddeca225"
  integrity sha1-KG+IXA2sHNzW14OXOSq8Jd3soiU=

core-js@^3.6.0:
  version "3.8.2"
  resolved "https://registry.npm.taobao.org/core-js/download/core-js-3.8.2.tgz?cache=0&sync_timestamp=1609682080903&other_urls=https%3A%2F%2Fregistry.npm.taobao.org%2Fcore-js%2Fdownload%2Fcore-js-3.8.2.tgz#0a1fd6709246da9ca8eff5bb0cbd15fba9ac7044"
  integrity sha1-Ch/WcJJG2pyo7/W7DL0V+6mscEQ=

css-line-break@1.1.1:
  version "1.1.1"
  resolved "https://registry.npm.taobao.org/css-line-break/download/css-line-break-1.1.1.tgz#d5e9bdd297840099eb0503c7310fd34927a026ef"
  integrity sha1-1em90peEAJnrBQPHMQ/TSSegJu8=
  dependencies:
    base64-arraybuffer "^0.2.0"

dompurify@^2.2.0:
  version "2.2.6"
  resolved "https://registry.npm.taobao.org/dompurify/download/dompurify-2.2.6.tgz#54945dc5c0b45ce5ae228705777e8e59d7b2edc4"
  integrity sha1-VJRdxcC0XOWuIocFd36OWdey7cQ=

html2canvas@^1.0.0-rc.5:
  version "1.0.0-rc.7"
  resolved "https://registry.npm.taobao.org/html2canvas/download/html2canvas-1.0.0-rc.7.tgz#70c159ce0e63954a91169531894d08ad5627ac98"
  integrity sha1-cMFZzg5jlUqRFpUxiU0IrVYnrJg=
  dependencies:
    css-line-break "1.1.1"

jspdf-autotable@^3.5.13:
  version "3.5.13"
  resolved "https://registry.npm.taobao.org/jspdf-autotable/download/jspdf-autotable-3.5.13.tgz#2808db99affc2fe2a6e27cb308bcb0b3d541c9bd"
  integrity sha1-KAjbma/8L+Km4nyzCLyws9VByb0=

jspdf@^2.2.0:
  version "2.2.0"
  resolved "https://registry.npm.taobao.org/jspdf/download/jspdf-2.2.0.tgz#e186cd08d7ddfcdbe8ea462640323ee2d75671b6"
  integrity sha1-4YbNCNfd/Nvo6kYmQDI+4tdWcbY=
  dependencies:
    atob "^2.1.2"
    btoa "^1.2.1"
    pako "^1.0.11"
  optionalDependencies:
    canvg "^3.0.6"
    core-js "^3.6.0"
    dompurify "^2.2.0"
    html2canvas "^1.0.0-rc.5"

moment@^2.29.1:
  version "2.29.1"
  resolved "https://registry.npm.taobao.org/moment/download/moment-2.29.1.tgz?cache=0&sync_timestamp=1602337231601&other_urls=https%3A%2F%2Fregistry.npm.taobao.org%2Fmoment%2Fdownload%2Fmoment-2.29.1.tgz#b2be769fa31940be9eeea6469c075e35006fa3d3"
  integrity sha1-sr52n6MZQL6e7qZGnAdeNQBvo9M=

pako@^1.0.11:
  version "1.0.11"
  resolved "https://registry.npm.taobao.org/pako/download/pako-1.0.11.tgz?cache=0&sync_timestamp=1610208924901&other_urls=https%3A%2F%2Fregistry.npm.taobao.org%2Fpako%2Fdownload%2Fpako-1.0.11.tgz#6c9599d340d54dfd3946380252a35705a6b992bf"
  integrity sha1-bJWZ00DVTf05RjgCUqNXBaa5kr8=

performance-now@^2.1.0:
  version "2.1.0"
  resolved "https://registry.npm.taobao.org/performance-now/download/performance-now-2.1.0.tgz#6309f4e0e5fa913ec1c69307ae364b4b377c9e7b"
  integrity sha1-Ywn04OX6kT7BxpMHrjZLSzd8nns=

raf@^3.4.1:
  version "3.4.1"
  resolved "https://registry.npm.taobao.org/raf/download/raf-3.4.1.tgz#0742e99a4a6552f445d73e3ee0328af0ff1ede39"
  integrity sha1-B0LpmkplUvRF1z4+4DKK8P8e3jk=
  dependencies:
    performance-now "^2.1.0"

regenerator-runtime@^0.13.4:
  version "0.13.7"
  resolved "https://registry.npm.taobao.org/regenerator-runtime/download/regenerator-runtime-0.13.7.tgz#cac2dacc8a1ea675feaabaeb8ae833898ae46f55"
  integrity sha1-ysLazIoepnX+qrrriugziYrkb1U=

rgbcolor@^1.0.1:
  version "1.0.1"
  resolved "https://registry.npm.taobao.org/rgbcolor/download/rgbcolor-1.0.1.tgz#d6505ecdb304a6595da26fa4b43307306775945d"
  integrity sha1-1lBezbMEplldom+ktDMHMGd1lF0=

stackblur-canvas@^2.0.0:
  version "2.4.0"
  resolved "https://registry.npm.taobao.org/stackblur-canvas/download/stackblur-canvas-2.4.0.tgz#2b2eba910cb46f6feae918e1c402f863d602c01b"
  integrity sha1-Ky66kQy0b2/q6RjhxAL4Y9YCwBs=

svg-pathdata@^5.0.5:
  version "5.0.5"
  resolved "https://registry.npm.taobao.org/svg-pathdata/download/svg-pathdata-5.0.5.tgz#65e8d765642ba15fe15434444087d082bc526b29"
  integrity sha1-ZejXZWQroV/hVDREQIfQgrxSayk=
